{
  "version": 4,
  "terraform_version": "1.6.1",
  "serial": 588,
  "lineage": "6b83da05-ab00-2528-6874-bade59adc008",
  "outputs": {},
  "resources": [
    {
      "mode": "managed",
      "type": "google_compute_network",
      "name": "vpc",
      "provider": "provider[\"registry.terraform.io/hashicorp/google\"]",
      "instances": [
        {
          "schema_version": 0,
          "attributes": {
            "auto_create_subnetworks": false,
            "delete_default_routes_on_create": false,
            "description": "",
            "enable_ula_internal_ipv6": false,
            "gateway_ipv4": "",
            "id": "projects/cogent-array-401119/global/networks/my-vpc",
            "internal_ipv6_range": "",
            "mtu": 0,
            "name": "my-vpc",
            "network_firewall_policy_enforcement_order": "AFTER_CLASSIC_FIREWALL",
            "project": "cogent-array-401119",
            "routing_mode": "REGIONAL",
            "self_link": "https://www.googleapis.com/compute/v1/projects/cogent-array-401119/global/networks/my-vpc",
            "timeouts": null
          },
          "sensitive_attributes": [],
          "private": "eyJlMmJmYjczMC1lY2FhLTExZTYtOGY4OC0zNDM2M2JjN2M0YzAiOnsiY3JlYXRlIjoxMjAwMDAwMDAwMDAwLCJkZWxldGUiOjEyMDAwMDAwMDAwMDAsInVwZGF0ZSI6MTIwMDAwMDAwMDAwMH19"
        }
      ]
    },
    {
      "mode": "managed",
      "type": "google_compute_subnetwork",
      "name": "workload-subnet",
      "provider": "provider[\"registry.terraform.io/hashicorp/google\"]",
      "instances": [
        {
          "schema_version": 0,
          "attributes": {
            "creation_timestamp": "2023-10-21T05:27:12.124-07:00",
            "description": "",
            "external_ipv6_prefix": "",
            "fingerprint": null,
            "gateway_address": "10.1.0.1",
            "id": "projects/cogent-array-401119/regions/us-east1/subnetworks/workload-subnet",
            "internal_ipv6_prefix": "",
            "ip_cidr_range": "10.1.0.0/24",
            "ipv6_access_type": "",
            "ipv6_cidr_range": "",
            "log_config": [],
            "name": "workload-subnet",
            "network": "https://www.googleapis.com/compute/v1/projects/cogent-array-401119/global/networks/my-vpc",
            "private_ip_google_access": true,
            "private_ipv6_google_access": "DISABLE_GOOGLE_ACCESS",
            "project": "cogent-array-401119",
            "purpose": "PRIVATE",
            "region": "us-east1",
            "role": "",
            "secondary_ip_range": [
              {
                "ip_cidr_range": "10.1.1.0/28",
                "range_name": "us-east1-a"
              },
              {
                "ip_cidr_range": "10.1.2.0/28",
                "range_name": "us-east1-b"
              },
              {
                "ip_cidr_range": "10.1.3.0/28",
                "range_name": "us-east1-c"
              },
              {
                "ip_cidr_range": "10.60.0.0/20",
                "range_name": "gke-my-cluster-services-716be100"
              },
              {
                "ip_cidr_range": "10.56.0.0/14",
                "range_name": "gke-my-cluster-pods-716be100"
              }
            ],
            "self_link": "https://www.googleapis.com/compute/v1/projects/cogent-array-401119/regions/us-east1/subnetworks/workload-subnet",
            "stack_type": "IPV4_ONLY",
            "timeouts": null
          },
          "sensitive_attributes": [],
          "private": "eyJlMmJmYjczMC1lY2FhLTExZTYtOGY4OC0zNDM2M2JjN2M0YzAiOnsiY3JlYXRlIjoxMjAwMDAwMDAwMDAwLCJkZWxldGUiOjEyMDAwMDAwMDAwMDAsInVwZGF0ZSI6MTIwMDAwMDAwMDAwMH19",
          "dependencies": [
            "google_compute_network.vpc"
          ]
        }
      ]
    },
    {
      "mode": "managed",
      "type": "google_container_cluster",
      "name": "gke_cluster",
      "provider": "provider[\"registry.terraform.io/hashicorp/google\"]",
      "instances": [
        {
          "schema_version": 2,
          "attributes": {
            "addons_config": [
              {
                "cloudrun_config": [],
                "config_connector_config": [],
                "dns_cache_config": [],
                "gce_persistent_disk_csi_driver_config": [
                  {
                    "enabled": true
                  }
                ],
                "gcp_filestore_csi_driver_config": [],
                "gcs_fuse_csi_driver_config": [],
                "gke_backup_agent_config": [],
                "horizontal_pod_autoscaling": [],
                "http_load_balancing": [],
                "network_policy_config": [
                  {
                    "disabled": true
                  }
                ]
              }
            ],
            "allow_net_admin": null,
            "authenticator_groups_config": [],
            "binary_authorization": [
              {
                "enabled": false,
                "evaluation_mode": ""
              }
            ],
            "cluster_autoscaling": [
              {
                "auto_provisioning_defaults": [],
                "enabled": false,
                "resource_limits": []
              }
            ],
            "cluster_ipv4_cidr": "10.56.0.0/14",
            "confidential_nodes": [],
            "cost_management_config": [],
            "database_encryption": [
              {
                "key_name": "",
                "state": "DECRYPTED"
              }
            ],
            "datapath_provider": "",
            "default_max_pods_per_node": 110,
            "default_snat_status": [
              {
                "disabled": false
              }
            ],
            "deletion_protection": true,
            "description": "",
            "dns_config": [],
            "enable_autopilot": false,
            "enable_intranode_visibility": false,
            "enable_k8s_beta_apis": [],
            "enable_kubernetes_alpha": false,
            "enable_l4_ilb_subsetting": false,
            "enable_legacy_abac": false,
            "enable_shielded_nodes": true,
            "enable_tpu": false,
            "endpoint": "35.231.36.88",
            "gateway_api_config": [],
            "id": "projects/cogent-array-401119/locations/us-east1/clusters/my-cluster",
            "initial_node_count": 1,
            "ip_allocation_policy": [
              {
                "additional_pod_ranges_config": [],
                "cluster_ipv4_cidr_block": "10.56.0.0/14",
                "cluster_secondary_range_name": "gke-my-cluster-pods-716be100",
                "pod_cidr_overprovision_config": [
                  {
                    "disabled": false
                  }
                ],
                "services_ipv4_cidr_block": "10.60.0.0/20",
                "services_secondary_range_name": "gke-my-cluster-services-716be100",
                "stack_type": "IPV4"
              }
            ],
            "label_fingerprint": "a9dc16a7",
            "location": "us-east1",
            "logging_config": [
              {
                "enable_components": [
                  "SYSTEM_COMPONENTS",
                  "WORKLOADS"
                ]
              }
            ],
            "logging_service": "logging.googleapis.com/kubernetes",
            "maintenance_policy": [],
            "master_auth": [
              {
                "client_certificate": "LS0tLS1CRUdJTiBDRVJUSUZJQ0FURS0tLS0tCk1JSURvVENDQWdtZ0F3SUJBZ0lSQU1LWlFKMHAvQlZIVzI0Nk1YQ1B4RVl3RFFZSktvWklodmNOQVFFTEJRQXcKTHpFdE1Dc0dBMVVFQXhNa1pURm1NR1E1WWpJdE5EZ3lOUzAwTmpKaExUazRPRGN0TWpNMk16VmlNakl3TVdJMgpNQjRYRFRJek1UQXlNekF3TlRjek5sb1hEVEk0TVRBeU1UQXdOVGt6Tmxvd0VURVBNQTBHQTFVRUF4TUdZMnhwClpXNTBNSUlCSWpBTkJna3Foa2lHOXcwQkFRRUZBQU9DQVE4QU1JSUJDZ0tDQVFFQXRxb1VuVm9UbXRweXdUYm4KM1dqdkZSV0dpTTJjMzRMQU16UFdMTnJQdVlPM2x6eElIeGFQaFZNNGtEYm1EdFkxbGxyNWxuWHZ1WjE0b2ppZApZTCtuSlBjREI2TkVWVXdwKzlabzI5c2VXTVJaa2FiUFhYQVhTc3VVeGlsMUNHYlZHU05XczhQUmR1dVZRUXJ1CkV3dmhzTGt0TnR5S1J6cHEwVnBJR0pheWlEaC9qWE94WE5IZTBQY1NOdTRoUlRuQ1EydjY5WnhFcTIxOFRmSGYKNDMvdXRWT2F2dEtEU3ZwaVBOTTRWVGZBYUVjOHFIcnk5ZGUvaGdCcE9mVFZYTVQ3MnBBaGtOQUpyR2RzeUtrdgpITXF0ckZ2SXB6NG1VR2h6bm1yV0RUbGluOVNUazIySWhZTGxNVzF3UldsK29Ha2tidFVoODZramdkNzVDMGloClZuT0NPUUlEQVFBQm8xWXdWREFPQmdOVkhROEJBZjhFQkFNQ0JhQXdFd1lEVlIwbEJBd3dDZ1lJS3dZQkJRVUgKQXdJd0RBWURWUjBUQVFIL0JBSXdBREFmQmdOVkhTTUVHREFXZ0JTc0gwTzdzSWZFTG0xOWJXdmpJWlJlZHBwdgpuVEFOQmdrcWhraUc5dzBCQVFzRkFBT0NBWUVBZ212NUtVNnZodjZkSlR6Nnh6amFGR0paM0Y2VVc2YVUvV3NpCktwRFNVZE9XWmhLR0FEdGZwRWxvMGhjT1JLZFNjeGxBanZTZFVhaTdlT3NmZmdBUnNBNGIrQmFqL3FOL3I0eksKZG4yazJBajBpOWt6YkdBTUdOWjB6Qlg3bVZENDFsbFhibVBXbEVwM3Q1eit2eS9MYTVXS093UStxdFcycmRlRgpOdDlzalNaTndFZUQ2QUxKSXhHVVlFakxieHRXUnRTcDZrNmNNMkJwUDhQamZUWW5VZEJGdURieHdpVFVrV2xYCmpNTHVIdzdBOW5nUFE1V0pmWXZVRFFFdDJQZzUvVUorTVJCQ2RYV081dTVGamowd1J1TGRaRWFyT0tpbnZWMEUKWnZrMnBPT0FURTZzYjU5NHVnQlRRRDRUUnVSeGtRVEd6eUlpY21jY3dvekNvYVp5bWc3NWJLWnhNSHBrRmVQVwpFbE9vaUc0WFlJNVRFUE5CUlpac1hwYmpkZXkwaWNnclVRdEtpdHBuNzMrbWFiQy9oWTJYRWw1ejFuVCtVZmljCkNRQ2RRZXBOS2tLRDA1MFpaTjVyQTJhQllKV3VlYTZLQktLM3o4d1E1bm1ZM0kxbklMMStnOXoraXFVQmVnMFMKRk92Y3VJdlgyb0pRdXM2RnZ5aXE0OVNDMUxHagotLS0tLUVORCBDRVJUSUZJQ0FURS0tLS0tCg==",
                "client_certificate_config": [
                  {
                    "issue_client_certificate": true
                  }
                ],
                "client_key": "LS0tLS1CRUdJTiBSU0EgUFJJVkFURSBLRVktLS0tLQpNSUlFb2dJQkFBS0NBUUVBdHFvVW5Wb1RtdHB5d1RibjNXanZGUldHaU0yYzM0TEFNelBXTE5yUHVZTzNsenhJCkh4YVBoVk00a0RibUR0WTFsbHI1bG5YdnVaMTRvamlkWUwrbkpQY0RCNk5FVlV3cCs5Wm8yOXNlV01SWmthYlAKWFhBWFNzdVV4aWwxQ0diVkdTTldzOFBSZHV1VlFRcnVFd3Zoc0xrdE50eUtSenBxMFZwSUdKYXlpRGgvalhPeApYTkhlMFBjU051NGhSVG5DUTJ2NjlaeEVxMjE4VGZIZjQzL3V0Vk9hdnRLRFN2cGlQTk00VlRmQWFFYzhxSHJ5CjlkZS9oZ0JwT2ZUVlhNVDcycEFoa05BSnJHZHN5S2t2SE1xdHJGdklwejRtVUdoem5tcldEVGxpbjlTVGsyMkkKaFlMbE1XMXdSV2wrb0dra2J0VWg4NmtqZ2Q3NUMwaWhWbk9DT1FJREFRQUJBb0gvQW1oN25SZHk2cmUyaTVXTgp1UDJKS1YzL1NBNXQ0d1IyUkRhS3ZFeW1NR3ZzSDdKTHdSMHJCemJ4cC9VUlUyQy9sQnZlN256ZmpETG5SRHc2CjF1dXY2R3paUFdDSnBoWTY5M2I4S3VuWW5KTDZHMUYzcW1PdjZ1eUVLWmlpVWxvSXRTd2lHSHljWmxUMHdzYkMKSEw0clc0a1ZiNE80enZlV01PeGZ4dk0xcDFZUm96MHpNWDQ1RU9tMWxCVXZSOTdyUFF6U2IzUTBtaWs4YTh6NgpzZExXcStuSTFVTzQyTHlscUVaUnp3SUlwSW9Xa2JZb2lIRzBaM2syNmJYc1dJTjlPTFBZZXBhd2daSWtjT3BvCkVIb0VpdVhVOThQdjVUUnVLU0VmWUlLTWh5U1Y3bWNSN2ZJaGx3K0ZHVE1GckJSaWw1VEFWZDNJblA3amlGRFQKWFcraEFvR0JBT0pjSVhjdE9kakp5NCtteUZxY095RlQ4dFlvNDlVcjgvSzAzK0JrMDdRd01ZVWM2SWt4UFpuegpaeWNYTWNoN29FT09hNHJXZ053VkhDN3VKT0JrdjlxTkVlNjRtbVl4RzJVbXRBVlZET1lFOVNjdFdmMm5iUUtRCnQzMDlHczJJckVHVVBOQVVGSnl0c0dTeVdWTHVuc3dDSzBQMEVPSm1Bazd2QXZUYUVLdWhBb0dCQU02Vk9KNGcKODdXeEE2a2txWVVwaHpCYUh6amR0enZWY3RpeXVyMTZxYlltTHVhQnY5NjBqZG5LblRwVWxxb2YvY0YxR3BmeApvNnlTeUVMcE1iZk5adnlCVXk2UldFYjF4WUg4WDRvY2RTNStacXVyWnFFMTdEampQd3g2Tnluc0tTL3RIYWk4CkZGakJDZ2o5c2JDempSdjljMStYMnhNL2tLZjV5N0c5M28rWkFvR0JBSTVXOXVoVk5Tb0FneFBiQWVRUW1CSTIKRXQ3ZXFaM3ozSndEWjBCWXh0Tm85c3JJeWVUelpOUTVQZVZUN1ljdlRqRU5EczBvWTdHQlNNNnVDOXhiSGxXVgpIZkNxZnRUQ0RvTUYybS83OG5kMktKNnhJd1NoVXFncFRtamZrc29xSm4rNmNwODU4Vmd3MUZvTjJLT1F6NlJqCnZNY25ZN0txQ011UCtxRHp1MFhoQW9HQUdoZnpITllnc25SM2QrZnZtYWhUTVNKUkMwZkdHMEtzelA1V1pCU1kKVnkrZmdQSW1vQ1RDUGg0L21keVJZMC9ESjZwNC8zUkFMazRrQ1grWERoWmR5Y3MwREkvRFRNTkNmVmE1WXFLUgprcHZZc0Jwb1RqaVhhK0FZV0tVZlRxWkwxWWZuMVNaY2s1RmVpU0F5VDVWK1gyaTJKLzd3WnhBQ1g1Vkh5MTJtClBSRUNnWUVBMU9BaFFSdWdIVFlkZUVsckRZVkNiYTJ2RW5tZzM2cjBQWk5pbXZUdlhCK0w0YXh6Wk1ZWHo1Nk4KcTdpeGlnUURoR05XekpURldlYmpkKzBTRUFjMTFJSlJMcTZzTzZyWlRuWCtNNGpYNzBxbFJuN3VEYnNWNC9EaAo2UXpZZVZHOXgwUzJzZWx6dGM5VXpJd1NNaHlVWGF2MEZOcUNieDFtQkNvai8rc1NzeFk9Ci0tLS0tRU5EIFJTQSBQUklWQVRFIEtFWS0tLS0tCg==",
                "cluster_ca_certificate": "LS0tLS1CRUdJTiBDRVJUSUZJQ0FURS0tLS0tCk1JSUVMVENDQXBXZ0F3SUJBZ0lSQUlnWlNSSkZCZFZoZWVrcDlCSmxQekl3RFFZSktvWklodmNOQVFFTEJRQXcKTHpFdE1Dc0dBMVVFQXhNa1pURm1NR1E1WWpJdE5EZ3lOUzAwTmpKaExUazRPRGN0TWpNMk16VmlNakl3TVdJMgpNQ0FYRFRJek1UQXlNakl6TlRrek5sb1lEekl3TlRNeE1ERTFNREExT1RNMldqQXZNUzB3S3dZRFZRUURFeVJsCk1XWXdaRGxpTWkwME9ESTFMVFEyTW1FdE9UZzROeTB5TXpZek5XSXlNakF4WWpZd2dnR2lNQTBHQ1NxR1NJYjMKRFFFQkFRVUFBNElCandBd2dnR0tBb0lCZ1FEU3YwWEUrRDZhd201d292OWVoTWROL2MzUkNxTlVjSXBPdVcvSQpWRFhzSFBKd1BoajB1cmZsRUNYZTVXQ095OEpJSis1RWVCNzhMelhOQWRqcDJMYjFpc09ReUFRRCtjM1ZTTWxUCmdWTVNsR3BObXRtVWIrWGdSbkpHOTByRlBTOStmWUhDdWdmWnhCd25XaC9LV3hnQzRmS0s4ZnAzampsZFk0YjcKdG1KTmpFQ2xrQitjYURIK0hMQUNGd3ZiL1FrS2FhS3dsV05PWERtVU02a3JTcW1HenA1RlJGaHU5U0UwS1ZDWQpJRmlWRXJVRzN6SndkV3B1TGFkZU9YcjRCenMzRFlqK1N4cDZhNzVGWTZUeHdEaEU1SlBmS1RLRnVQOTQ0YlNECmMzZytSZ3RvMUpPWnQwWVJIczZvcjh4VW5WdFk5ZzhHVFRyMGxLQXV3cGxrUUF0bmJDUG5IQi91OGtSUkpvTVoKU3pkU2Z2bFlGNHluUUdMaVFFVnJHRjZVMXBvdjBkYnhSTTNvTEpJSjF5Q2RBdzdaMWxiT0hXWHducE5qTUlPdgpmcGtvNHBWZzNwbnE3elE4WmMveURQTVpIa0FlNElPK1BSZUdiMUlTak5hTTJVVjB6WEZKSVRTYWRXSk1MWE9ZCjQ3dGl0LytqN3llUGpIdWU0b09UMEp6alpTc0NBd0VBQWFOQ01FQXdEZ1lEVlIwUEFRSC9CQVFEQWdJRU1BOEcKQTFVZEV3RUIvd1FGTUFNQkFmOHdIUVlEVlIwT0JCWUVGS3dmUTd1d2g4UXViWDF0YStNaGxGNTJtbStkTUEwRwpDU3FHU0liM0RRRUJDd1VBQTRJQmdRQ1ZJSkxPV3dpbDhHS3pHaVRSL3ZsMnZ5MWlhSXNPV0hEYnNzTThab3NuCnNOQWMzMktXdHcvMDFKZlVTTE5EdUQyNmR3aC9MWFVDWlVLeCt1ODZTR3NxViswLzRNdW5DKzBYNnNVVHZlWXIKbFZseEQ3T0VnTkhFbzdiWCtlNlNOSWRBeTRyS0xreHd6UVE1ZXdxcWZ1Z042NDgxandPRE5wRW53QjJPM2pMdQo3eWVMR1VQNmYzeWVseHJhbis0L0tXdGt2VWZaQkh0MTE3Y1JFU05WWnJGQk9xT2NacUJRTmNBR0pCdG12Q3cvCno4MmkySTA0cEhtTEk4ZUNaNlRKZlNDQ1dPaEw5ZDJhSU9pNVF1WnM5aW1hQ2g4aUdWc09vdzVsZmpEMTRUWU0KVFlHanBwYTZ2UC9EVXdJaDc2REpuU2ZZbmV1QnloQm1ZRjZHdVBNRTVOT09mYi90bXh0OGNWM2x1RlhJcWVUaApndGFwMVRQT0xPUmFjdENXUDRkNksyc3BuNWU5NzRKSXNwWndPTVNlUkZVZTI4YlJuTHprTmpGSlB3L1ZmMG85CnIvUUdmRmpBam92YUdJb282RkdSNFpsZktvZ2pWSExRd0YrY3VzclJUclBiejlLV05vL3VscnUwQ3JjRVIzZEYKZy93QmczNGdxdGI2cGpLYVRxdzFOOXM9Ci0tLS0tRU5EIENFUlRJRklDQVRFLS0tLS0K"
              }
            ],
            "master_authorized_networks_config": [],
            "master_version": "1.27.3-gke.100",
            "mesh_certificates": [],
            "min_master_version": null,
            "monitoring_config": [
              {
                "advanced_datapath_observability_config": [
                  {
                    "enable_metrics": false,
                    "relay_mode": "DISABLED"
                  }
                ],
                "enable_components": [
                  "SYSTEM_COMPONENTS"
                ],
                "managed_prometheus": [
                  {
                    "enabled": true
                  }
                ]
              }
            ],
            "monitoring_service": "monitoring.googleapis.com/kubernetes",
            "name": "my-cluster",
            "network": "projects/cogent-array-401119/global/networks/my-vpc",
            "network_policy": [
              {
                "enabled": false,
                "provider": "PROVIDER_UNSPECIFIED"
              }
            ],
            "networking_mode": "VPC_NATIVE",
            "node_config": [
              {
                "advanced_machine_features": [],
                "boot_disk_kms_key": "",
                "confidential_nodes": [],
                "disk_size_gb": 100,
                "disk_type": "pd-balanced",
                "effective_taints": [],
                "ephemeral_storage_local_ssd_config": [],
                "fast_socket": [],
                "gcfs_config": [],
                "guest_accelerator": [],
                "gvnic": [],
                "host_maintenance_policy": [],
                "image_type": "COS_CONTAINERD",
                "kubelet_config": [],
                "labels": {},
                "linux_node_config": [],
                "local_nvme_ssd_block_config": [],
                "local_ssd_count": 0,
                "logging_variant": "DEFAULT",
                "machine_type": "e2-medium",
                "metadata": {
                  "disable-legacy-endpoints": "true"
                },
                "min_cpu_platform": "",
                "node_group": "",
                "oauth_scopes": [
                  "https://www.googleapis.com/auth/devstorage.read_only",
                  "https://www.googleapis.com/auth/logging.write",
                  "https://www.googleapis.com/auth/monitoring",
                  "https://www.googleapis.com/auth/service.management.readonly",
                  "https://www.googleapis.com/auth/servicecontrol",
                  "https://www.googleapis.com/auth/trace.append"
                ],
                "preemptible": false,
                "reservation_affinity": [],
                "resource_labels": {},
                "service_account": "default",
                "shielded_instance_config": [
                  {
                    "enable_integrity_monitoring": true,
                    "enable_secure_boot": false
                  }
                ],
                "sole_tenant_config": [],
                "spot": false,
                "tags": [],
                "taint": [],
                "workload_metadata_config": []
              }
            ],
            "node_locations": [
              "us-east1-b",
              "us-east1-c",
              "us-east1-d"
            ],
            "node_pool": [
              {
                "autoscaling": [],
                "initial_node_count": 1,
                "instance_group_urls": [
                  "https://www.googleapis.com/compute/v1/projects/cogent-array-401119/zones/us-east1-b/instanceGroupManagers/gke-my-cluster-default-pool-24d9896a-grp",
                  "https://www.googleapis.com/compute/v1/projects/cogent-array-401119/zones/us-east1-c/instanceGroupManagers/gke-my-cluster-default-pool-9a709824-grp",
                  "https://www.googleapis.com/compute/v1/projects/cogent-array-401119/zones/us-east1-d/instanceGroupManagers/gke-my-cluster-default-pool-f45c58e2-grp"
                ],
                "managed_instance_group_urls": [
                  "https://www.googleapis.com/compute/v1/projects/cogent-array-401119/zones/us-east1-b/instanceGroups/gke-my-cluster-default-pool-24d9896a-grp",
                  "https://www.googleapis.com/compute/v1/projects/cogent-array-401119/zones/us-east1-c/instanceGroups/gke-my-cluster-default-pool-9a709824-grp",
                  "https://www.googleapis.com/compute/v1/projects/cogent-array-401119/zones/us-east1-d/instanceGroups/gke-my-cluster-default-pool-f45c58e2-grp"
                ],
                "management": [
                  {
                    "auto_repair": true,
                    "auto_upgrade": true
                  }
                ],
                "max_pods_per_node": 110,
                "name": "default-pool",
                "name_prefix": "",
                "network_config": [
                  {
                    "create_pod_range": false,
                    "enable_private_nodes": false,
                    "pod_cidr_overprovision_config": [],
                    "pod_ipv4_cidr_block": "10.56.0.0/14",
                    "pod_range": "gke-my-cluster-pods-716be100"
                  }
                ],
                "node_config": [
                  {
                    "advanced_machine_features": [],
                    "boot_disk_kms_key": "",
                    "confidential_nodes": [],
                    "disk_size_gb": 100,
                    "disk_type": "pd-balanced",
                    "effective_taints": [],
                    "ephemeral_storage_local_ssd_config": [],
                    "fast_socket": [],
                    "gcfs_config": [],
                    "guest_accelerator": [],
                    "gvnic": [],
                    "host_maintenance_policy": [],
                    "image_type": "COS_CONTAINERD",
                    "kubelet_config": [],
                    "labels": {},
                    "linux_node_config": [],
                    "local_nvme_ssd_block_config": [],
                    "local_ssd_count": 0,
                    "logging_variant": "DEFAULT",
                    "machine_type": "e2-medium",
                    "metadata": {
                      "disable-legacy-endpoints": "true"
                    },
                    "min_cpu_platform": "",
                    "node_group": "",
                    "oauth_scopes": [
                      "https://www.googleapis.com/auth/devstorage.read_only",
                      "https://www.googleapis.com/auth/logging.write",
                      "https://www.googleapis.com/auth/monitoring",
                      "https://www.googleapis.com/auth/service.management.readonly",
                      "https://www.googleapis.com/auth/servicecontrol",
                      "https://www.googleapis.com/auth/trace.append"
                    ],
                    "preemptible": false,
                    "reservation_affinity": [],
                    "resource_labels": {},
                    "service_account": "default",
                    "shielded_instance_config": [
                      {
                        "enable_integrity_monitoring": true,
                        "enable_secure_boot": false
                      }
                    ],
                    "sole_tenant_config": [],
                    "spot": false,
                    "tags": [],
                    "taint": [],
                    "workload_metadata_config": []
                  }
                ],
                "node_count": 1,
                "node_locations": [
                  "us-east1-b",
                  "us-east1-c",
                  "us-east1-d"
                ],
                "placement_policy": [],
                "upgrade_settings": [
                  {
                    "blue_green_settings": [],
                    "max_surge": 1,
                    "max_unavailable": 0,
                    "strategy": "SURGE"
                  }
                ],
                "version": "1.27.3-gke.100"
              }
            ],
            "node_pool_auto_config": [],
            "node_pool_defaults": [
              {
                "node_config_defaults": [
                  {
                    "logging_variant": "DEFAULT"
                  }
                ]
              }
            ],
            "node_version": "1.27.3-gke.100",
            "notification_config": [
              {
                "pubsub": [
                  {
                    "enabled": false,
                    "filter": [],
                    "topic": ""
                  }
                ]
              }
            ],
            "operation": null,
            "private_cluster_config": [
              {
                "enable_private_endpoint": false,
                "enable_private_nodes": false,
                "master_global_access_config": [
                  {
                    "enabled": false
                  }
                ],
                "master_ipv4_cidr_block": "",
                "peering_name": "",
                "private_endpoint": "10.1.0.34",
                "private_endpoint_subnetwork": "",
                "public_endpoint": "35.231.36.88"
              }
            ],
            "private_ipv6_google_access": "",
            "project": "cogent-array-401119",
            "release_channel": [
              {
                "channel": "REGULAR"
              }
            ],
            "remove_default_node_pool": null,
            "resource_labels": {},
            "resource_usage_export_config": [],
            "security_posture_config": [
              {
                "mode": "BASIC",
                "vulnerability_mode": "VULNERABILITY_MODE_UNSPECIFIED"
              }
            ],
            "self_link": "https://container.googleapis.com/v1/projects/cogent-array-401119/locations/us-east1/clusters/my-cluster",
            "service_external_ips_config": [
              {
                "enabled": false
              }
            ],
            "services_ipv4_cidr": "10.60.0.0/20",
            "subnetwork": "projects/cogent-array-401119/regions/us-east1/subnetworks/workload-subnet",
            "timeouts": null,
            "tpu_ipv4_cidr_block": "",
            "vertical_pod_autoscaling": [],
            "workload_identity_config": []
          },
          "sensitive_attributes": [],
          "private": "eyJlMmJmYjczMC1lY2FhLTExZTYtOGY4OC0zNDM2M2JjN2M0YzAiOnsiY3JlYXRlIjoyNDAwMDAwMDAwMDAwLCJkZWxldGUiOjI0MDAwMDAwMDAwMDAsInJlYWQiOjI0MDAwMDAwMDAwMDAsInVwZGF0ZSI6MzYwMDAwMDAwMDAwMH0sInNjaGVtYV92ZXJzaW9uIjoiMiJ9",
          "dependencies": [
            "google_compute_network.vpc",
            "google_compute_subnetwork.workload-subnet"
          ]
        }
      ]
    }
  ],
  "check_results": null
}
