{
  "version": 4,
  "terraform_version": "1.6.1",
  "serial": 600,
  "lineage": "6b83da05-ab00-2528-6874-bade59adc008",
  "outputs": {
    "repository_url": {
      "value": "my-repository",
      "type": "string"
    }
  },
  "resources": [
    {
      "mode": "managed",
      "type": "google_artifact_registry_repository",
      "name": "repository",
      "provider": "provider[\"registry.terraform.io/hashicorp/google\"]",
      "instances": [
        {
          "schema_version": 0,
          "attributes": {
            "create_time": "2023-10-23T01:38:38.355583Z",
            "description": "My Artifact Repository",
            "docker_config": [],
            "effective_labels": {},
            "format": "DOCKER",
            "id": "projects/cogent-array-401119/locations/us-east1/repositories/my-repository",
            "kms_key_name": "",
            "labels": null,
            "location": "us-east1",
            "maven_config": [],
            "mode": "STANDARD_REPOSITORY",
            "name": "my-repository",
            "project": "cogent-array-401119",
            "remote_repository_config": [],
            "repository_id": "my-repository",
            "terraform_labels": {},
            "timeouts": null,
            "update_time": "2023-10-23T01:38:38.355583Z",
            "virtual_repository_config": []
          },
          "sensitive_attributes": [],
          "private": "eyJlMmJmYjczMC1lY2FhLTExZTYtOGY4OC0zNDM2M2JjN2M0YzAiOnsiY3JlYXRlIjoxMjAwMDAwMDAwMDAwLCJkZWxldGUiOjEyMDAwMDAwMDAwMDAsInVwZGF0ZSI6MTIwMDAwMDAwMDAwMH19"
        }
      ]
    },
    {
      "mode": "managed",
      "type": "google_compute_firewall",
      "name": "allow-http-ssh",
      "provider": "provider[\"registry.terraform.io/hashicorp/google\"]",
      "instances": [
        {
          "schema_version": 1,
          "attributes": {
            "allow": [
              {
                "ports": [
                  "22",
                  "80"
                ],
                "protocol": "tcp"
              }
            ],
            "creation_timestamp": "2023-10-22T18:38:37.842-07:00",
            "deny": [],
            "description": "",
            "destination_ranges": [],
            "direction": "INGRESS",
            "disabled": false,
            "enable_logging": null,
            "id": "projects/cogent-array-401119/global/firewalls/allow-http-ssh",
            "log_config": [],
            "name": "allow-http-ssh",
            "network": "https://www.googleapis.com/compute/v1/projects/cogent-array-401119/global/networks/my-vpc",
            "priority": 1000,
            "project": "cogent-array-401119",
            "self_link": "https://www.googleapis.com/compute/v1/projects/cogent-array-401119/global/firewalls/allow-http-ssh",
            "source_ranges": [
              "0.0.0.0/0"
            ],
            "source_service_accounts": null,
            "source_tags": null,
            "target_service_accounts": null,
            "target_tags": null,
            "timeouts": null
          },
          "sensitive_attributes": [],
          "private": "eyJlMmJmYjczMC1lY2FhLTExZTYtOGY4OC0zNDM2M2JjN2M0YzAiOnsiY3JlYXRlIjoxMjAwMDAwMDAwMDAwLCJkZWxldGUiOjEyMDAwMDAwMDAwMDAsInVwZGF0ZSI6MTIwMDAwMDAwMDAwMH0sInNjaGVtYV92ZXJzaW9uIjoiMSJ9",
          "dependencies": [
            "google_compute_network.vpc"
          ]
        }
      ]
    },
    {
      "mode": "managed",
      "type": "google_compute_instance",
      "name": "vm",
      "provider": "provider[\"registry.terraform.io/hashicorp/google\"]",
      "instances": [
        {
          "schema_version": 6,
          "attributes": {
            "advanced_machine_features": [],
            "allow_stopping_for_update": null,
            "attached_disk": [],
            "boot_disk": [
              {
                "auto_delete": true,
                "device_name": "persistent-disk-0",
                "disk_encryption_key_raw": "",
                "disk_encryption_key_sha256": "",
                "initialize_params": [
                  {
                    "image": "https://www.googleapis.com/compute/v1/projects/ubuntu-os-cloud/global/images/ubuntu-2004-focal-v20230918",
                    "labels": {},
                    "resource_manager_tags": null,
                    "size": 10,
                    "type": "pd-standard"
                  }
                ],
                "kms_key_self_link": "",
                "mode": "READ_WRITE",
                "source": "https://www.googleapis.com/compute/v1/projects/cogent-array-401119/zones/us-central1-a/disks/management-vm"
              }
            ],
            "can_ip_forward": false,
            "confidential_instance_config": [],
            "cpu_platform": "Intel Broadwell",
            "current_status": "RUNNING",
            "deletion_protection": false,
            "description": "",
            "desired_status": null,
            "effective_labels": {},
            "enable_display": false,
            "guest_accelerator": [],
            "hostname": "",
            "id": "projects/cogent-array-401119/zones/us-central1-a/instances/management-vm",
            "instance_id": "2511060849026166871",
            "label_fingerprint": "42WmSpB8rSM=",
            "labels": null,
            "machine_type": "e2-medium",
            "metadata": null,
            "metadata_fingerprint": "t_QEi9FiFRA=",
            "metadata_startup_script": null,
            "min_cpu_platform": "",
            "name": "management-vm",
            "network_interface": [
              {
                "access_config": [],
                "alias_ip_range": [],
                "internal_ipv6_prefix_length": 0,
                "ipv6_access_config": [],
                "ipv6_access_type": "",
                "ipv6_address": "",
                "name": "nic0",
                "network": "https://www.googleapis.com/compute/v1/projects/cogent-array-401119/global/networks/my-vpc",
                "network_ip": "10.0.2.2",
                "nic_type": "",
                "queue_count": 0,
                "stack_type": "IPV4_ONLY",
                "subnetwork": "https://www.googleapis.com/compute/v1/projects/cogent-array-401119/regions/us-central1/subnetworks/management-subnet",
                "subnetwork_project": "cogent-array-401119"
              }
            ],
            "network_performance_config": [],
            "params": [],
            "project": "cogent-array-401119",
            "reservation_affinity": [],
            "resource_policies": null,
            "scheduling": [
              {
                "automatic_restart": true,
                "instance_termination_action": "",
                "local_ssd_recovery_timeout": [],
                "min_node_cpus": 0,
                "node_affinities": [],
                "on_host_maintenance": "MIGRATE",
                "preemptible": false,
                "provisioning_model": "STANDARD"
              }
            ],
            "scratch_disk": [],
            "self_link": "https://www.googleapis.com/compute/v1/projects/cogent-array-401119/zones/us-central1-a/instances/management-vm",
            "service_account": [
              {
                "email": "service-account-1@cogent-array-401119.iam.gserviceaccount.com",
                "scopes": [
                  "https://www.googleapis.com/auth/cloud-platform",
                  "https://www.googleapis.com/auth/compute.readonly",
                  "https://www.googleapis.com/auth/userinfo.email"
                ]
              }
            ],
            "shielded_instance_config": [
              {
                "enable_integrity_monitoring": true,
                "enable_secure_boot": false,
                "enable_vtpm": true
              }
            ],
            "tags": null,
            "tags_fingerprint": "42WmSpB8rSM=",
            "terraform_labels": {},
            "timeouts": null,
            "zone": "us-central1-a"
          },
          "sensitive_attributes": [],
          "private": "eyJlMmJmYjczMC1lY2FhLTExZTYtOGY4OC0zNDM2M2JjN2M0YzAiOnsiY3JlYXRlIjoxMjAwMDAwMDAwMDAwLCJkZWxldGUiOjEyMDAwMDAwMDAwMDAsInVwZGF0ZSI6MTIwMDAwMDAwMDAwMH0sInNjaGVtYV92ZXJzaW9uIjoiNiJ9",
          "dependencies": [
            "google_compute_network.vpc",
            "google_compute_subnetwork.management-subnet",
            "google_service_account.service_account_1"
          ]
        }
      ]
    },
    {
      "mode": "managed",
      "type": "google_compute_network",
      "name": "vpc",
      "provider": "provider[\"registry.terraform.io/hashicorp/google\"]",
      "instances": [
        {
          "schema_version": 0,
          "attributes": {
            "auto_create_subnetworks": false,
            "delete_default_routes_on_create": false,
            "description": "",
            "enable_ula_internal_ipv6": false,
            "gateway_ipv4": "",
            "id": "projects/cogent-array-401119/global/networks/my-vpc",
            "internal_ipv6_range": "",
            "mtu": 0,
            "name": "my-vpc",
            "network_firewall_policy_enforcement_order": "AFTER_CLASSIC_FIREWALL",
            "project": "cogent-array-401119",
            "routing_mode": "REGIONAL",
            "self_link": "https://www.googleapis.com/compute/v1/projects/cogent-array-401119/global/networks/my-vpc",
            "timeouts": null
          },
          "sensitive_attributes": [],
          "private": "eyJlMmJmYjczMC1lY2FhLTExZTYtOGY4OC0zNDM2M2JjN2M0YzAiOnsiY3JlYXRlIjoxMjAwMDAwMDAwMDAwLCJkZWxldGUiOjEyMDAwMDAwMDAwMDAsInVwZGF0ZSI6MTIwMDAwMDAwMDAwMH19"
        }
      ]
    },
    {
      "mode": "managed",
      "type": "google_compute_router",
      "name": "router",
      "provider": "provider[\"registry.terraform.io/hashicorp/google\"]",
      "instances": [
        {
          "schema_version": 0,
          "attributes": {
            "bgp": [],
            "creation_timestamp": "2023-10-22T18:39:03.176-07:00",
            "description": "",
            "encrypted_interconnect_router": false,
            "id": "projects/cogent-array-401119/regions/us-central1/routers/my-router",
            "name": "my-router",
            "network": "https://www.googleapis.com/compute/v1/projects/cogent-array-401119/global/networks/my-vpc",
            "project": "cogent-array-401119",
            "region": "us-central1",
            "self_link": "https://www.googleapis.com/compute/v1/projects/cogent-array-401119/regions/us-central1/routers/my-router",
            "timeouts": null
          },
          "sensitive_attributes": [],
          "private": "eyJlMmJmYjczMC1lY2FhLTExZTYtOGY4OC0zNDM2M2JjN2M0YzAiOnsiY3JlYXRlIjoxMjAwMDAwMDAwMDAwLCJkZWxldGUiOjEyMDAwMDAwMDAwMDAsInVwZGF0ZSI6MTIwMDAwMDAwMDAwMH19",
          "dependencies": [
            "google_compute_network.vpc",
            "google_compute_subnetwork.management-subnet"
          ]
        }
      ]
    },
    {
      "mode": "managed",
      "type": "google_compute_router_nat",
      "name": "nat_config",
      "provider": "provider[\"registry.terraform.io/hashicorp/google\"]",
      "instances": [
        {
          "schema_version": 0,
          "attributes": {
            "drain_nat_ips": null,
            "enable_dynamic_port_allocation": false,
            "enable_endpoint_independent_mapping": false,
            "icmp_idle_timeout_sec": 30,
            "id": "cogent-array-401119/us-central1/my-router/my-nat-config",
            "log_config": [
              {
                "enable": true,
                "filter": "ERRORS_ONLY"
              }
            ],
            "max_ports_per_vm": 0,
            "min_ports_per_vm": 0,
            "name": "my-nat-config",
            "nat_ip_allocate_option": "AUTO_ONLY",
            "nat_ips": null,
            "project": "cogent-array-401119",
            "region": "us-central1",
            "router": "my-router",
            "rules": [],
            "source_subnetwork_ip_ranges_to_nat": "ALL_SUBNETWORKS_ALL_IP_RANGES",
            "subnetwork": [],
            "tcp_established_idle_timeout_sec": 1200,
            "tcp_time_wait_timeout_sec": 120,
            "tcp_transitory_idle_timeout_sec": 30,
            "timeouts": null,
            "udp_idle_timeout_sec": 30
          },
          "sensitive_attributes": [],
          "private": "eyJlMmJmYjczMC1lY2FhLTExZTYtOGY4OC0zNDM2M2JjN2M0YzAiOnsiY3JlYXRlIjoxMjAwMDAwMDAwMDAwLCJkZWxldGUiOjEyMDAwMDAwMDAwMDAsInVwZGF0ZSI6MTIwMDAwMDAwMDAwMH19",
          "dependencies": [
            "google_compute_network.vpc",
            "google_compute_router.router",
            "google_compute_subnetwork.management-subnet"
          ]
        }
      ]
    },
    {
      "mode": "managed",
      "type": "google_compute_subnetwork",
      "name": "management-subnet",
      "provider": "provider[\"registry.terraform.io/hashicorp/google\"]",
      "instances": [
        {
          "schema_version": 0,
          "attributes": {
            "creation_timestamp": "2023-10-22T18:38:38.481-07:00",
            "description": "",
            "external_ipv6_prefix": "",
            "fingerprint": null,
            "gateway_address": "10.0.2.1",
            "id": "projects/cogent-array-401119/regions/us-central1/subnetworks/management-subnet",
            "internal_ipv6_prefix": "",
            "ip_cidr_range": "10.0.2.0/24",
            "ipv6_access_type": "",
            "ipv6_cidr_range": "",
            "log_config": [],
            "name": "management-subnet",
            "network": "https://www.googleapis.com/compute/v1/projects/cogent-array-401119/global/networks/my-vpc",
            "private_ip_google_access": false,
            "private_ipv6_google_access": "DISABLE_GOOGLE_ACCESS",
            "project": "cogent-array-401119",
            "purpose": "PRIVATE",
            "region": "us-central1",
            "role": "",
            "secondary_ip_range": [
              {
                "ip_cidr_range": "10.0.3.0/28",
                "range_name": "us-central1-a"
              }
            ],
            "self_link": "https://www.googleapis.com/compute/v1/projects/cogent-array-401119/regions/us-central1/subnetworks/management-subnet",
            "stack_type": "IPV4_ONLY",
            "timeouts": null
          },
          "sensitive_attributes": [],
          "private": "eyJlMmJmYjczMC1lY2FhLTExZTYtOGY4OC0zNDM2M2JjN2M0YzAiOnsiY3JlYXRlIjoxMjAwMDAwMDAwMDAwLCJkZWxldGUiOjEyMDAwMDAwMDAwMDAsInVwZGF0ZSI6MTIwMDAwMDAwMDAwMH19",
          "dependencies": [
            "google_compute_network.vpc"
          ]
        }
      ]
    },
    {
      "mode": "managed",
      "type": "google_compute_subnetwork",
      "name": "workload-subnet",
      "provider": "provider[\"registry.terraform.io/hashicorp/google\"]",
      "instances": [
        {
          "schema_version": 0,
          "attributes": {
            "creation_timestamp": "2023-10-21T05:27:12.124-07:00",
            "description": "",
            "external_ipv6_prefix": "",
            "fingerprint": null,
            "gateway_address": "10.1.0.1",
            "id": "projects/cogent-array-401119/regions/us-east1/subnetworks/workload-subnet",
            "internal_ipv6_prefix": "",
            "ip_cidr_range": "10.1.0.0/24",
            "ipv6_access_type": "",
            "ipv6_cidr_range": "",
            "log_config": [],
            "name": "workload-subnet",
            "network": "https://www.googleapis.com/compute/v1/projects/cogent-array-401119/global/networks/my-vpc",
            "private_ip_google_access": true,
            "private_ipv6_google_access": "DISABLE_GOOGLE_ACCESS",
            "project": "cogent-array-401119",
            "purpose": "PRIVATE",
            "region": "us-east1",
            "role": "",
            "secondary_ip_range": [
              {
                "ip_cidr_range": "10.1.1.0/28",
                "range_name": "us-east1-a"
              },
              {
                "ip_cidr_range": "10.1.2.0/28",
                "range_name": "us-east1-b"
              },
              {
                "ip_cidr_range": "10.1.3.0/28",
                "range_name": "us-east1-c"
              }
            ],
            "self_link": "https://www.googleapis.com/compute/v1/projects/cogent-array-401119/regions/us-east1/subnetworks/workload-subnet",
            "stack_type": "IPV4_ONLY",
            "timeouts": null
          },
          "sensitive_attributes": [],
          "private": "eyJlMmJmYjczMC1lY2FhLTExZTYtOGY4OC0zNDM2M2JjN2M0YzAiOnsiY3JlYXRlIjoxMjAwMDAwMDAwMDAwLCJkZWxldGUiOjEyMDAwMDAwMDAwMDAsInVwZGF0ZSI6MTIwMDAwMDAwMDAwMH19",
          "dependencies": [
            "google_compute_network.vpc"
          ]
        }
      ]
    },
    {
      "mode": "managed",
      "type": "google_container_cluster",
      "name": "gke_cluster",
      "provider": "provider[\"registry.terraform.io/hashicorp/google\"]",
      "instances": [
        {
          "schema_version": 2,
          "attributes": {
            "addons_config": [
              {
                "cloudrun_config": [],
                "config_connector_config": [],
                "dns_cache_config": [],
                "gce_persistent_disk_csi_driver_config": [
                  {
                    "enabled": true
                  }
                ],
                "gcp_filestore_csi_driver_config": [],
                "gcs_fuse_csi_driver_config": [],
                "gke_backup_agent_config": [],
                "horizontal_pod_autoscaling": [],
                "http_load_balancing": [],
                "network_policy_config": [
                  {
                    "disabled": true
                  }
                ]
              }
            ],
            "allow_net_admin": null,
            "authenticator_groups_config": [],
            "binary_authorization": [
              {
                "enabled": false,
                "evaluation_mode": ""
              }
            ],
            "cluster_autoscaling": [
              {
                "auto_provisioning_defaults": [],
                "enabled": false,
                "resource_limits": []
              }
            ],
            "cluster_ipv4_cidr": "10.56.0.0/14",
            "confidential_nodes": [],
            "cost_management_config": [],
            "database_encryption": [
              {
                "key_name": "",
                "state": "DECRYPTED"
              }
            ],
            "datapath_provider": "",
            "default_max_pods_per_node": 110,
            "default_snat_status": [
              {
                "disabled": false
              }
            ],
            "deletion_protection": true,
            "description": "",
            "dns_config": [],
            "enable_autopilot": false,
            "enable_intranode_visibility": false,
            "enable_k8s_beta_apis": [],
            "enable_kubernetes_alpha": false,
            "enable_l4_ilb_subsetting": false,
            "enable_legacy_abac": false,
            "enable_shielded_nodes": true,
            "enable_tpu": false,
            "endpoint": "34.73.65.180",
            "gateway_api_config": [],
            "id": "projects/cogent-array-401119/locations/us-east1/clusters/my-cluster",
            "initial_node_count": 1,
            "ip_allocation_policy": [
              {
                "additional_pod_ranges_config": [],
                "cluster_ipv4_cidr_block": "10.56.0.0/14",
                "cluster_secondary_range_name": "gke-my-cluster-pods-da251fb9",
                "pod_cidr_overprovision_config": [
                  {
                    "disabled": false
                  }
                ],
                "services_ipv4_cidr_block": "10.60.0.0/20",
                "services_secondary_range_name": "gke-my-cluster-services-da251fb9",
                "stack_type": "IPV4"
              }
            ],
            "label_fingerprint": "a9dc16a7",
            "location": "us-east1",
            "logging_config": [
              {
                "enable_components": [
                  "SYSTEM_COMPONENTS",
                  "WORKLOADS"
                ]
              }
            ],
            "logging_service": "logging.googleapis.com/kubernetes",
            "maintenance_policy": [],
            "master_auth": [
              {
                "client_certificate": "LS0tLS1CRUdJTiBDRVJUSUZJQ0FURS0tLS0tCk1JSURvRENDQWdpZ0F3SUJBZ0lRZllnMTdBeWdqc0YzdzRZVkc3bWRmREFOQmdrcWhraUc5dzBCQVFzRkFEQXYKTVMwd0t3WURWUVFERXlRNE56RmhNVEF4TXkwNVpEWTFMVFExT1RRdE9EZGxPUzB3WWpVMk1qTm1aR1ZpTVRFdwpIaGNOTWpNeE1ESXpNREV6TmpNNVdoY05Namd4TURJeE1ERXpPRE01V2pBUk1ROHdEUVlEVlFRREV3WmpiR2xsCmJuUXdnZ0VpTUEwR0NTcUdTSWIzRFFFQkFRVUFBNElCRHdBd2dnRUtBb0lCQVFDL2tOUFlacmdlNjZ6cWFuZzcKT0ZKanFjRHMxVkR1cFZIb01QemJMQ3RSS1E2QzJnNURZY3RwMzRxOFFlbDVhUW5ha1RPVTdjK3gweUVTM2FDTwpteGI4UzJXN1E2cG1SME95ODJrWjZLRXBXL09pYldjbG5DMjBKU0kybzUyeW91ZUhzdmRjYTc1OGhLUCtKRnpWClg4eVdhTlVBd2NtTnQvMTVXN3RSc2xZM1MvNDFxbG5mZXI0SkoyRElJcEFrN0hzR205dDR1VEd5eGgzT3hSaGoKd3N2RVlYTFQ0TnlLT0NwSWx0dVNZZHhsZks1V3hacUJqd1NvTzJOSWg0bDRva2ZPbFBlVUR6OHladmQ3UHRPcgpWS0ZlR2VqR25iNGZZY2xQZm5NQUl0dkZ0N21VZVk1Y3U1VkZwM2lhT3NBdEdha0cxdjl2di9seUJoajFqRnR6CjRsd3pBZ01CQUFHalZqQlVNQTRHQTFVZER3RUIvd1FFQXdJRm9EQVRCZ05WSFNVRUREQUtCZ2dyQmdFRkJRY0QKQWpBTUJnTlZIUk1CQWY4RUFqQUFNQjhHQTFVZEl3UVlNQmFBRkpTbDVpbzNxU3YwQitoTE5QNGUrekpPbHRnQQpNQTBHQ1NxR1NJYjNEUUVCQ3dVQUE0SUJnUUFpaGpZNUFWSEd0dVVkZW5GQTF1NEFWOGl4TFFxNkJHdGlpMTFqCnVvWGpldVRMdVZ3QUlUUElTS21HTktESUtkSEcySFVhVnRjUHJJRzRsbFhDanZMclhoRFRtcFVYUEd4dnIvY2IKckRFTHVmTm1ZcEx1Zk5qUzBIc1k3TkJTTjRSTVdvWWtiS3JDcmZYcFpvZjVGUURXc2tvNWo0NWRrWXAwbU14ZQo2SWZRUmhyaW40YVg0TUFyTkp4YUJvekd2Rm93dGZDVHdzM1Vaa0RLQmJ4cnpEd0FGNmN1WEhhemZ4dmNCWTNLCnMxOEl4S3BSeGRtOWl3RzhCd2tWUG1NSUVsUmtyR3RzMjFLVHkzZ21yQ1VqNmxWbzJtRUY0eVFIU3BDL3NXaWoKQUozdUZrbENSVVYvSVI2NnU5Uld6UXpsVXE5bkg4TldPV2U5VEp2ZnpqRGFualN3T1d6Vk54OElIalo1TDJMdwpzaFlOOVdVcGpVSmlKYnRmRUJZL2g2aU9yVzhmR0ttNEJkNXlTcXMycUQrOWIzS0VqbjhRanBZTnJYclFaZ2tGCkR4WXJ0RTZIUVZGVGhSbC9UMWlkaVB1akdRT3NjWGtDNzE1bktKbCtVOXFtMGtnWk4xSG91cWs1ZDNqWUtnVXQKQkVpOHhCdTRkZkVNWGtHUjlxVnp5VGcyZ1lVPQotLS0tLUVORCBDRVJUSUZJQ0FURS0tLS0tCg==",
                "client_certificate_config": [
                  {
                    "issue_client_certificate": true
                  }
                ],
                "client_key": "LS0tLS1CRUdJTiBSU0EgUFJJVkFURSBLRVktLS0tLQpNSUlFb3dJQkFBS0NBUUVBdjVEVDJHYTRIdXVzNm1wNE96aFNZNm5BN05WUTdxVlI2REQ4Mnl3clVTa09ndG9PClEySExhZCtLdkVIcGVXa0oycEV6bE8zUHNkTWhFdDJnanBzVy9FdGx1ME9xWmtkRHN2TnBHZWloS1Z2em9tMW4KSlp3dHRDVWlOcU9kc3FMbmg3TDNYR3UrZklTai9pUmMxVi9NbG1qVkFNSEpqYmY5ZVZ1N1ViSldOMHYrTmFwWgozM3ErQ1NkZ3lDS1FKT3g3QnB2YmVMa3hzc1lkenNVWVk4TEx4R0Z5MCtEY2lqZ3FTSmJia21IY1pYeXVWc1dhCmdZOEVxRHRqU0llSmVLSkh6cFQzbEE4L01tYjNlejdUcTFTaFhobm94cDIrSDJISlQzNXpBQ0xieGJlNWxIbU8KWEx1VlJhZDRtanJBTFJtcEJ0Yi9iNy81Y2dZWTlZeGJjK0pjTXdJREFRQUJBb0lCQURBcC9ERjlCZzcwSjFvYQo0ZGJWM3RVakFaZ3FPL3A4ZzE3ekxpZjI3MzhzNlBLYVc1cXlkRi9PcmdXT051THBOMnFHTm1kYjhXdmV6d0o4Cnlaa0JRbUsxbkVMY2pQUEJPREsrZzI3WnIrZURzSHBtc2xmZzhCYktmVk1xaVFRNGRDa0lwS3ZPaFNxdWVNTDEKcG9lWldnbDVHeERoS0VsaStLNXlFMk5EaU96RzFUU2RHZU9wL0Z0WVFkZXpJVHNmT0tNaVN6TW41N2tYaDQ5ZwpZQ3V3RHVnbUp2OWpHQWIrZC9Pd1lTaFJaQUFrdFRZbnF1VzY2SFMwdTZ4K0Uyc2xVOW5BZHlYMXhpZW9GTVF6CmtxZ1FWSHJSMHgzRDlQODdrNFRYVHBzaWhQOTZIRW5CTWcrOERYVGJRSzhBeVpEOW13cTdrQ1dIa3crTnBJU3cKWjc4dzdvVUNnWUVBOHJOUUtYaTlJckJENzh4cTBXZUdWMldrRHk0RFVjRGpKMWxPK2RFdUdUQ09SQ1hCR2c0cgo4VUVubnAxejhlc2ZRUGZCUGFHSUtKdTI2dGo4NWpVSmJHa3VUZUp0OVdFWEtaWVl4Zm1RL0NDcHk1TlRSODB3Ci9JeEVobGx1M3pBdERlaVh1czRMMit0cjJpUGRmQXVqSUZHVWwvUkRRbnArdXVXNFdaTXd3eVVDZ1lFQXloQXQKdzBzVWhFcys2cGc1TmVCWFNFdjZQV091K0lRQWZMZXhuWGJ5SjZud293L3dmZUhyYVM1MDUwdEpqMUZvYmVEVApOSHR5ays5cU8wQUhEZHI4czR0T0JoYnhsZ3c0eTlFT0RWUEJDdDVkeWpvbUpsSk9WcG91bFc1YnpPTTh1bnJKCm5hbXp6S0p0VDdSbXYvOWpvRE9WYnFxZStJOHcrL25NZnh0YkxuY0NnWUVBem1XOENHakx3QkpTMUQzdG9ZUCsKOVpoVXV5d1FXcGhGRlpPWDNGQU9laEdYQzFGb05QWlVYR2xpZmp1OC9NRk41UHhOOUZISTcyL3RVUytUYzFzcgpWbXprbWd1MEkzZWNNUnVhbWRLeGdCbHZETmVQZllKODVHbU5aUXZ0aEJUK1c5T3dKWWRSQW9mbFFyQTVqV0tBCktkMzNGbnIrTUN6b1ZaMUM5N3A3UDVrQ2dZQkpWVy9XWmVSUFV5UEZibk9zK3Z1U2NJaWtTUTVTZ1UzUDliY1AKaUFEQXBtdUFNcU84ZkFhOUNMQkMxVThnSlpKNTlsT1F3NURFNGVvekVMeStxWkIyOVFMZk1PcUM0M0tsZmZ6VQpsMllETk1yalB4RmpiUkdqV3BlM2dmTHRQRGRwRW5FanVGaFoxMFZHM1JsQmEwWFQrWVN0UWwwcHBvWkhuTlE3CitVaXhad0tCZ0E2VE0rcFF1dkRLQ3dTREdkd2hKQU1zejYyOWcrWnZoRWl4N0lhYzFIL2l2ODYxOGdKZmFWMisKdzF4SnI5ODZXL3JyQVBjRlMxY2FXNXBNd0xqTG5ranJMS09mdUJLOXBJcFJ5aDBibW9oN2xFd05pZ3lEU2ZCUQp0RGVzamFLcEV6QVNuUjlhamEwRU1GU3lhRmdNVWdXOXJyTjJNejVxazZHSTIzNFJOUnU4Ci0tLS0tRU5EIFJTQSBQUklWQVRFIEtFWS0tLS0tCg==",
                "cluster_ca_certificate": "LS0tLS1CRUdJTiBDRVJUSUZJQ0FURS0tLS0tCk1JSUVMRENDQXBTZ0F3SUJBZ0lRWi9SOWRtdXY2Z1Jjb1VrOGhTblZrREFOQmdrcWhraUc5dzBCQVFzRkFEQXYKTVMwd0t3WURWUVFERXlRNE56RmhNVEF4TXkwNVpEWTFMVFExT1RRdE9EZGxPUzB3WWpVMk1qTm1aR1ZpTVRFdwpJQmNOTWpNeE1ESXpNREF6T0RNNFdoZ1BNakExTXpFd01UVXdNVE00TXpoYU1DOHhMVEFyQmdOVkJBTVRKRGczCk1XRXhNREV6TFRsa05qVXRORFU1TkMwNE4yVTVMVEJpTlRZeU0yWmtaV0l4TVRDQ0FhSXdEUVlKS29aSWh2Y04KQVFFQkJRQURnZ0dQQURDQ0FZb0NnZ0dCQU1tUy82OUZVYkJMZlA2dy92VWc4UW1GcEJzTjMzbFltNE1McXNlYwovRUhWTzZzVFdVVWRBVEdrbmM0MEEyd1ZZK3puZWxNakFIWDU3T2ZoOC9TTCtGSlNLRUVXOWU0aEszVTEvZmlwCmlFMlRNYkFFTTlZYUpuWkJEODVTc2VHTzE0L1pUb3ZUQVdZb0oyc2drcnVVUnNpZUcwU3VOMmVldEUzSTViTFkKQ1krL21mSWt5aXBQSDl0cXNyL2g1c3Iya05raXdhSEorRjdYS2dGUFo3aTZ0cXRDcnJ3TGtFVDE5YnVoVUpjagpNWjJzbUgwV25NSWZhWEJDQ3Rtd00zUWo0a2tWeVdCdEtjc1VvZit3TWlPT1dkSTZwalhiSzNwenl5QzNQVDlZCi9FOEloT0lwaGNBWWw2SW55b3VTcGl1aVhuMVF0blZOWmZGd0lEeTBLakIxWEdZQjlweFFMMjVUeWl4K0JSQTUKQk4zM3V3ZUdVZUJVNlBOZTlMWGxuaURmaUJlSW5saFF6YWFtZGhJckdQWDlnVHhRQXZoQUI4Q0g4WWs2bW9kcwo4WHFVRHRSSHhYMG1CTCtSS1JWRlNYdDJ3Tm5GWC9kQVNkRXB6QlNWQ1VaaHhEMGx1MVpsNXJqWW1QQUx5YUpiCnZheGpkbVVmY1UxSGxnUVJJVHpreHNpUVB3SURBUUFCbzBJd1FEQU9CZ05WSFE4QkFmOEVCQU1DQWdRd0R3WUQKVlIwVEFRSC9CQVV3QXdFQi96QWRCZ05WSFE0RUZnUVVsS1htS2plcEsvUUg2RXMwL2g3N01rNlcyQUF3RFFZSgpLb1pJaHZjTkFRRUxCUUFEZ2dHQkFMRlZlY0ZxZy9mYnkvamR5bzJBdmVjclJmYlJkQ0VGN1JkamxZR0ZGNFBJCmY5c0dWZlBBRnZjWTZLNXZiMy85TmlESWF1UDNoV05GaFEyUzB1bHA0dVVxUWRwMnpCM2NuU1hJM0FwSncyRXoKaUNhY1p1RmtYck9mcEg0V1BqWkZYdnlNMnkyT0pMVHBoOXZTZWN0Q0UyVlpCOTNDT1U2NmRZOFBWaDBxUk9YTAoyeEpJQjNFWVI0M3pRU2FoREkrck1lYXl2SHU5MmZoRGFwUndsWGswK1VyT1VxNFZOWGpjM050M2wvYkRpMzJJCmdSWUhERzhPQjZldUpVVy9TTHdwSUs0T2hqamVXRm16MFZZL0Q5Z1g4YW8zM0p2TGN5a1dWampVOHFNNE5Mam4KRVRWNldYU2JHRHBNRmZ1cE5kSjlMaXE4VFJZeDFhQUdnbHp0WE8wRmpkTmdzOFRzKzhjMmVqVHdjVnpKc253Vwo1ZnBkRUtxT242UDd3K1RtTVNpVHUzcHJiTDFFMTlkaW1LVGRGTUZWeCtEd2I5ZFBPV2NBemxCZVZUWjMzNWFCClk5T05xSnc5SGxtVWNiNHdNZUJOMUxyUi9JdkFyamJIajVyaUlHQmI3SEgrMFQ4WXhTaVRGaW0rb2twTUdSVTIKYXpVQTZVUHRLMjI5bG5hR3dCSExIdz09Ci0tLS0tRU5EIENFUlRJRklDQVRFLS0tLS0K"
              }
            ],
            "master_authorized_networks_config": [],
            "master_version": "1.27.3-gke.100",
            "mesh_certificates": [],
            "min_master_version": null,
            "monitoring_config": [
              {
                "advanced_datapath_observability_config": [
                  {
                    "enable_metrics": false,
                    "relay_mode": "DISABLED"
                  }
                ],
                "enable_components": [
                  "SYSTEM_COMPONENTS"
                ],
                "managed_prometheus": [
                  {
                    "enabled": true
                  }
                ]
              }
            ],
            "monitoring_service": "monitoring.googleapis.com/kubernetes",
            "name": "my-cluster",
            "network": "projects/cogent-array-401119/global/networks/my-vpc",
            "network_policy": [
              {
                "enabled": false,
                "provider": "PROVIDER_UNSPECIFIED"
              }
            ],
            "networking_mode": "VPC_NATIVE",
            "node_config": [
              {
                "advanced_machine_features": [],
                "boot_disk_kms_key": "",
                "confidential_nodes": [],
                "disk_size_gb": 100,
                "disk_type": "pd-balanced",
                "effective_taints": [],
                "ephemeral_storage_local_ssd_config": [],
                "fast_socket": [],
                "gcfs_config": [],
                "guest_accelerator": [],
                "gvnic": [],
                "host_maintenance_policy": [],
                "image_type": "COS_CONTAINERD",
                "kubelet_config": [],
                "labels": {},
                "linux_node_config": [],
                "local_nvme_ssd_block_config": [],
                "local_ssd_count": 0,
                "logging_variant": "DEFAULT",
                "machine_type": "e2-medium",
                "metadata": {
                  "disable-legacy-endpoints": "true"
                },
                "min_cpu_platform": "",
                "node_group": "",
                "oauth_scopes": [
                  "https://www.googleapis.com/auth/devstorage.read_only",
                  "https://www.googleapis.com/auth/logging.write",
                  "https://www.googleapis.com/auth/monitoring",
                  "https://www.googleapis.com/auth/service.management.readonly",
                  "https://www.googleapis.com/auth/servicecontrol",
                  "https://www.googleapis.com/auth/trace.append"
                ],
                "preemptible": false,
                "reservation_affinity": [],
                "resource_labels": {},
                "service_account": "default",
                "shielded_instance_config": [
                  {
                    "enable_integrity_monitoring": true,
                    "enable_secure_boot": false
                  }
                ],
                "sole_tenant_config": [],
                "spot": false,
                "tags": [],
                "taint": [],
                "workload_metadata_config": []
              }
            ],
            "node_locations": [
              "us-east1-b",
              "us-east1-c",
              "us-east1-d"
            ],
            "node_pool": [
              {
                "autoscaling": [],
                "initial_node_count": 1,
                "instance_group_urls": [
                  "https://www.googleapis.com/compute/v1/projects/cogent-array-401119/zones/us-east1-b/instanceGroupManagers/gke-my-cluster-default-pool-07302b2c-grp",
                  "https://www.googleapis.com/compute/v1/projects/cogent-array-401119/zones/us-east1-c/instanceGroupManagers/gke-my-cluster-default-pool-e6b11b1b-grp",
                  "https://www.googleapis.com/compute/v1/projects/cogent-array-401119/zones/us-east1-d/instanceGroupManagers/gke-my-cluster-default-pool-ac3a6e66-grp"
                ],
                "managed_instance_group_urls": [
                  "https://www.googleapis.com/compute/v1/projects/cogent-array-401119/zones/us-east1-b/instanceGroups/gke-my-cluster-default-pool-07302b2c-grp",
                  "https://www.googleapis.com/compute/v1/projects/cogent-array-401119/zones/us-east1-c/instanceGroups/gke-my-cluster-default-pool-e6b11b1b-grp",
                  "https://www.googleapis.com/compute/v1/projects/cogent-array-401119/zones/us-east1-d/instanceGroups/gke-my-cluster-default-pool-ac3a6e66-grp"
                ],
                "management": [
                  {
                    "auto_repair": true,
                    "auto_upgrade": true
                  }
                ],
                "max_pods_per_node": 110,
                "name": "default-pool",
                "name_prefix": "",
                "network_config": [
                  {
                    "create_pod_range": false,
                    "enable_private_nodes": false,
                    "pod_cidr_overprovision_config": [],
                    "pod_ipv4_cidr_block": "10.56.0.0/14",
                    "pod_range": "gke-my-cluster-pods-da251fb9"
                  }
                ],
                "node_config": [
                  {
                    "advanced_machine_features": [],
                    "boot_disk_kms_key": "",
                    "confidential_nodes": [],
                    "disk_size_gb": 100,
                    "disk_type": "pd-balanced",
                    "effective_taints": [],
                    "ephemeral_storage_local_ssd_config": [],
                    "fast_socket": [],
                    "gcfs_config": [],
                    "guest_accelerator": [],
                    "gvnic": [],
                    "host_maintenance_policy": [],
                    "image_type": "COS_CONTAINERD",
                    "kubelet_config": [],
                    "labels": {},
                    "linux_node_config": [],
                    "local_nvme_ssd_block_config": [],
                    "local_ssd_count": 0,
                    "logging_variant": "DEFAULT",
                    "machine_type": "e2-medium",
                    "metadata": {
                      "disable-legacy-endpoints": "true"
                    },
                    "min_cpu_platform": "",
                    "node_group": "",
                    "oauth_scopes": [
                      "https://www.googleapis.com/auth/devstorage.read_only",
                      "https://www.googleapis.com/auth/logging.write",
                      "https://www.googleapis.com/auth/monitoring",
                      "https://www.googleapis.com/auth/service.management.readonly",
                      "https://www.googleapis.com/auth/servicecontrol",
                      "https://www.googleapis.com/auth/trace.append"
                    ],
                    "preemptible": false,
                    "reservation_affinity": [],
                    "resource_labels": {},
                    "service_account": "default",
                    "shielded_instance_config": [
                      {
                        "enable_integrity_monitoring": true,
                        "enable_secure_boot": false
                      }
                    ],
                    "sole_tenant_config": [],
                    "spot": false,
                    "tags": [],
                    "taint": [],
                    "workload_metadata_config": []
                  }
                ],
                "node_count": 1,
                "node_locations": [
                  "us-east1-b",
                  "us-east1-c",
                  "us-east1-d"
                ],
                "placement_policy": [],
                "upgrade_settings": [
                  {
                    "blue_green_settings": [],
                    "max_surge": 1,
                    "max_unavailable": 0,
                    "strategy": "SURGE"
                  }
                ],
                "version": "1.27.3-gke.100"
              }
            ],
            "node_pool_auto_config": [],
            "node_pool_defaults": [
              {
                "node_config_defaults": [
                  {
                    "logging_variant": "DEFAULT"
                  }
                ]
              }
            ],
            "node_version": "1.27.3-gke.100",
            "notification_config": [
              {
                "pubsub": [
                  {
                    "enabled": false,
                    "filter": [],
                    "topic": ""
                  }
                ]
              }
            ],
            "operation": null,
            "private_cluster_config": [
              {
                "enable_private_endpoint": false,
                "enable_private_nodes": false,
                "master_global_access_config": [
                  {
                    "enabled": false
                  }
                ],
                "master_ipv4_cidr_block": "",
                "peering_name": "",
                "private_endpoint": "10.1.0.38",
                "private_endpoint_subnetwork": "",
                "public_endpoint": "34.73.65.180"
              }
            ],
            "private_ipv6_google_access": "",
            "project": "cogent-array-401119",
            "release_channel": [
              {
                "channel": "REGULAR"
              }
            ],
            "remove_default_node_pool": null,
            "resource_labels": null,
            "resource_usage_export_config": [],
            "security_posture_config": [
              {
                "mode": "BASIC",
                "vulnerability_mode": "VULNERABILITY_MODE_UNSPECIFIED"
              }
            ],
            "self_link": "https://container.googleapis.com/v1/projects/cogent-array-401119/locations/us-east1/clusters/my-cluster",
            "service_external_ips_config": [
              {
                "enabled": false
              }
            ],
            "services_ipv4_cidr": "10.60.0.0/20",
            "subnetwork": "projects/cogent-array-401119/regions/us-east1/subnetworks/workload-subnet",
            "timeouts": null,
            "tpu_ipv4_cidr_block": "",
            "vertical_pod_autoscaling": [],
            "workload_identity_config": []
          },
          "sensitive_attributes": [],
          "private": "eyJlMmJmYjczMC1lY2FhLTExZTYtOGY4OC0zNDM2M2JjN2M0YzAiOnsiY3JlYXRlIjoyNDAwMDAwMDAwMDAwLCJkZWxldGUiOjI0MDAwMDAwMDAwMDAsInJlYWQiOjI0MDAwMDAwMDAwMDAsInVwZGF0ZSI6MzYwMDAwMDAwMDAwMH0sInNjaGVtYV92ZXJzaW9uIjoiMiJ9",
          "dependencies": [
            "google_compute_network.vpc",
            "google_compute_subnetwork.workload-subnet"
          ]
        }
      ]
    },
    {
      "mode": "managed",
      "type": "google_project_iam_binding",
      "name": "project_binding_1",
      "provider": "provider[\"registry.terraform.io/hashicorp/google\"]",
      "instances": [
        {
          "schema_version": 0,
          "attributes": {
            "condition": [],
            "etag": "BwYIWEhbSVY=",
            "id": "cogent-array-401119/roles/iam.serviceAccountUser",
            "members": [
              "serviceAccount:service-account-1@cogent-array-401119.iam.gserviceaccount.com"
            ],
            "project": "cogent-array-401119",
            "role": "roles/iam.serviceAccountUser"
          },
          "sensitive_attributes": [],
          "private": "bnVsbA==",
          "dependencies": [
            "google_service_account.service_account_1"
          ]
        }
      ]
    },
    {
      "mode": "managed",
      "type": "google_project_iam_binding",
      "name": "project_binding_2",
      "provider": "provider[\"registry.terraform.io/hashicorp/google\"]",
      "instances": [
        {
          "schema_version": 0,
          "attributes": {
            "condition": [],
            "etag": "BwYIWEhbSVY=",
            "id": "cogent-array-401119/roles/compute.admin",
            "members": [
              "serviceAccount:service-account-2@cogent-array-401119.iam.gserviceaccount.com"
            ],
            "project": "cogent-array-401119",
            "role": "roles/compute.admin"
          },
          "sensitive_attributes": [],
          "private": "bnVsbA==",
          "dependencies": [
            "google_service_account.service_account_2"
          ]
        }
      ]
    },
    {
      "mode": "managed",
      "type": "google_service_account",
      "name": "service_account_1",
      "provider": "provider[\"registry.terraform.io/hashicorp/google\"]",
      "instances": [
        {
          "schema_version": 0,
          "attributes": {
            "account_id": "service-account-1",
            "description": "",
            "disabled": false,
            "display_name": "service-account-1",
            "email": "service-account-1@cogent-array-401119.iam.gserviceaccount.com",
            "id": "projects/cogent-array-401119/serviceAccounts/service-account-1@cogent-array-401119.iam.gserviceaccount.com",
            "member": "serviceAccount:service-account-1@cogent-array-401119.iam.gserviceaccount.com",
            "name": "projects/cogent-array-401119/serviceAccounts/service-account-1@cogent-array-401119.iam.gserviceaccount.com",
            "project": "cogent-array-401119",
            "timeouts": null,
            "unique_id": "100540273999305685299"
          },
          "sensitive_attributes": [],
          "private": "eyJlMmJmYjczMC1lY2FhLTExZTYtOGY4OC0zNDM2M2JjN2M0YzAiOnsiY3JlYXRlIjozMDAwMDAwMDAwMDB9fQ=="
        }
      ]
    },
    {
      "mode": "managed",
      "type": "google_service_account",
      "name": "service_account_2",
      "provider": "provider[\"registry.terraform.io/hashicorp/google\"]",
      "instances": [
        {
          "schema_version": 0,
          "attributes": {
            "account_id": "service-account-2",
            "description": "",
            "disabled": false,
            "display_name": "service-account-2",
            "email": "service-account-2@cogent-array-401119.iam.gserviceaccount.com",
            "id": "projects/cogent-array-401119/serviceAccounts/service-account-2@cogent-array-401119.iam.gserviceaccount.com",
            "member": "serviceAccount:service-account-2@cogent-array-401119.iam.gserviceaccount.com",
            "name": "projects/cogent-array-401119/serviceAccounts/service-account-2@cogent-array-401119.iam.gserviceaccount.com",
            "project": "cogent-array-401119",
            "timeouts": null,
            "unique_id": "100919040964045399646"
          },
          "sensitive_attributes": [],
          "private": "eyJlMmJmYjczMC1lY2FhLTExZTYtOGY4OC0zNDM2M2JjN2M0YzAiOnsiY3JlYXRlIjozMDAwMDAwMDAwMDB9fQ=="
        }
      ]
    }
  ],
  "check_results": null
}
